
Microsoft Visual Studio Solution File, Format Version 12.00
# Visual Studio Version 17
VisualStudioVersion = 17.10.35004.147
MinimumVisualStudioVersion = 10.0.40219.1
Project("{FAE04EC0-301F-11D3-BF4B-00C04F79EFBC}") = "LinkedList", "LinkedList.csproj", "{3EBFA0BB-7904-4BC3-BC4B-AF58D171810E}"
EndProject
Global
	GlobalSection(SolutionConfigurationPlatforms) = preSolution
		Debug|Any CPU = Debug|Any CPU
		Release|Any CPU = Release|Any CPU
	EndGlobalSection
	GlobalSection(ProjectConfigurationPlatforms) = postSolution
		{3EBFA0BB-7904-4BC3-BC4B-AF58D171810E}.Debug|Any CPU.ActiveCfg = Debug|Any CPU
		{3EBFA0BB-7904-4BC3-BC4B-AF58D171810E}.Debug|Any CPU.Build.0 = Debug|Any CPU
		{3EBFA0BB-7904-4BC3-BC4B-AF58D171810E}.Release|Any CPU.ActiveCfg = Release|Any CPU
		{3EBFA0BB-7904-4BC3-BC4B-AF58D171810E}.Release|Any CPU.Build.0 = Release|Any CPU
	EndGlobalSection
	GlobalSection(SolutionProperties) = preSolution
		HideSolutionNode = FALSE
	EndGlobalSection
	GlobalSection(ExtensibilityGlobals) = postSolution
		SolutionGuid = {43F01EF1-3F1C-4751-AE5B-CDC12365E6FF}
	EndGlobalSection
EndGlobal
