
Microsoft Visual Studio Solution File, Format Version 12.00
# Visual Studio Version 17
VisualStudioVersion = 17.10.35004.147
MinimumVisualStudioVersion = 10.0.40219.1
Project("{FAE04EC0-301F-11D3-BF4B-00C04F79EFBC}") = "queue", "queue.csproj", "{EDE9D71E-3D94-4E48-864B-7D0813DE330D}"
EndProject
Global
	GlobalSection(SolutionConfigurationPlatforms) = preSolution
		Debug|Any CPU = Debug|Any CPU
		Release|Any CPU = Release|Any CPU
	EndGlobalSection
	GlobalSection(ProjectConfigurationPlatforms) = postSolution
		{EDE9D71E-3D94-4E48-864B-7D0813DE330D}.Debug|Any CPU.ActiveCfg = Debug|Any CPU
		{EDE9D71E-3D94-4E48-864B-7D0813DE330D}.Debug|Any CPU.Build.0 = Debug|Any CPU
		{EDE9D71E-3D94-4E48-864B-7D0813DE330D}.Release|Any CPU.ActiveCfg = Release|Any CPU
		{EDE9D71E-3D94-4E48-864B-7D0813DE330D}.Release|Any CPU.Build.0 = Release|Any CPU
	EndGlobalSection
	GlobalSection(SolutionProperties) = preSolution
		HideSolutionNode = FALSE
	EndGlobalSection
	GlobalSection(ExtensibilityGlobals) = postSolution
		SolutionGuid = {E1E4D661-236A-459A-BAE1-129147372C44}
	EndGlobalSection
EndGlobal
